
Microsoft Visual Studio Solution File, Format Version 12.00
# Visual Studio Version 16
VisualStudioVersion = 16.0.32901.82
MinimumVisualStudioVersion = 10.0.40219.1
Project("{8BC9CEB8-8B4A-11D0-8D11-00A0C91BC942}") = "Laboratorn", "Laboratorn\Laboratorn.vcxproj", "{4D3C9EC7-31C2-4F50-A68C-D71B2EC09431}"
EndProject
Global
	GlobalSection(SolutionConfigurationPlatforms) = preSolution
		Debug|x64 = Debug|x64
		Debug|x86 = Debug|x86
		Release|x64 = Release|x64
		Release|x86 = Release|x86
	EndGlobalSection
	GlobalSection(ProjectConfigurationPlatforms) = postSolution
		{4D3C9EC7-31C2-4F50-A68C-D71B2EC09431}.Debug|x64.ActiveCfg = Debug|x64
		{4D3C9EC7-31C2-4F50-A68C-D71B2EC09431}.Debug|x64.Build.0 = Debug|x64
		{4D3C9EC7-31C2-4F50-A68C-D71B2EC09431}.Debug|x86.ActiveCfg = Debug|Win32
		{4D3C9EC7-31C2-4F50-A68C-D71B2EC09431}.Debug|x86.Build.0 = Debug|Win32
		{4D3C9EC7-31C2-4F50-A68C-D71B2EC09431}.Release|x64.ActiveCfg = Release|x64
		{4D3C9EC7-31C2-4F50-A68C-D71B2EC09431}.Release|x64.Build.0 = Release|x64
		{4D3C9EC7-31C2-4F50-A68C-D71B2EC09431}.Release|x86.ActiveCfg = Release|Win32
		{4D3C9EC7-31C2-4F50-A68C-D71B2EC09431}.Release|x86.Build.0 = Release|Win32
	EndGlobalSection
	GlobalSection(SolutionProperties) = preSolution
		HideSolutionNode = FALSE
	EndGlobalSection
	GlobalSection(ExtensibilityGlobals) = postSolution
		SolutionGuid = {77601DC5-CFCE-44D7-A5C8-70703DF1C8C4}
	EndGlobalSection
EndGlobal
